// !$*UTF8*$!
{
	archiveVersion = 1;
	classes = {
	};
	objectVersion = 56;
	objects = {

/* Begin PBXBuildFile section */
		760160E42C09F8CE00008612 /* NotesApp.swift in Sources */ = {isa = PBXBuildFile; fileRef = 760160E32C09F8CE00008612 /* NotesApp.swift */; };
		760160E62C09F8CE00008612 /* ContentView.swift in Sources */ = {isa = PBXBuildFile; fileRef = 760160E52C09F8CE00008612 /* ContentView.swift */; };
		760160E82C09F8D000008612 /* Assets.xcassets in Resources */ = {isa = PBXBuildFile; fileRef = 760160E72C09F8D000008612 /* Assets.xcassets */; };
		760160EB2C09F8D000008612 /* Preview Assets.xcassets in Resources */ = {isa = PBXBuildFile; fileRef = 760160EA2C09F8D000008612 /* Preview Assets.xcassets */; };
		760160F52C09F8D100008612 /* NotesTests.swift in Sources */ = {isa = PBXBuildFile; fileRef = 760160F42C09F8D100008612 /* NotesTests.swift */; };
		760160FF2C09F8D100008612 /* NotesUITests.swift in Sources */ = {isa = PBXBuildFile; fileRef = 760160FE2C09F8D100008612 /* NotesUITests.swift */; };
		760161012C09F8D100008612 /* NotesUITestsLaunchTests.swift in Sources */ = {isa = PBXBuildFile; fileRef = 760161002C09F8D100008612 /* NotesUITestsLaunchTests.swift */; };
		7601610E2C09FF9D00008612 /* CounterFeature.swift in Sources */ = {isa = PBXBuildFile; fileRef = 7601610D2C09FF9D00008612 /* CounterFeature.swift */; };
		760161122C0A01B300008612 /* ComposableArchitecture in Frameworks */ = {isa = PBXBuildFile; productRef = 760161112C0A01B300008612 /* ComposableArchitecture */; };
		760161162C0F15CD00008612 /* CounterFeatureTests.swift in Sources */ = {isa = PBXBuildFile; fileRef = 760161152C0F15CD00008612 /* CounterFeatureTests.swift */; };
		760161192C0F1C3C00008612 /* NumberFactClient.swift in Sources */ = {isa = PBXBuildFile; fileRef = 760161172C0F1C3600008612 /* NumberFactClient.swift */; };
		7601611C2C0F22C600008612 /* AppFeature.swift in Sources */ = {isa = PBXBuildFile; fileRef = 7601611A2C0F21AB00008612 /* AppFeature.swift */; };
		7601611E2C0F23C000008612 /* AppFeatureTests.swift in Sources */ = {isa = PBXBuildFile; fileRef = 7601611D2C0F23C000008612 /* AppFeatureTests.swift */; };
		760161212C14316200008612 /* ContactsFeature.swift in Sources */ = {isa = PBXBuildFile; fileRef = 7601611F2C14315E00008612 /* ContactsFeature.swift */; };
		760161242C1435D700008612 /* AddContactFeature.swift in Sources */ = {isa = PBXBuildFile; fileRef = 760161222C14357F00008612 /* AddContactFeature.swift */; };
		763DACE02C26EB440066665F /* NotesFeature.swift in Sources */ = {isa = PBXBuildFile; fileRef = 763DACDF2C26EB440066665F /* NotesFeature.swift */; };
		763DACE22C26F2380066665F /* AddNotesFeature.swift in Sources */ = {isa = PBXBuildFile; fileRef = 763DACE12C26F2380066665F /* AddNotesFeature.swift */; };
		763DACE52C27027E0066665F /* Note.swift in Sources */ = {isa = PBXBuildFile; fileRef = 763DACE42C27027E0066665F /* Note.swift */; };
		763DACE72C27EC5A0066665F /* DataManager.swift in Sources */ = {isa = PBXBuildFile; fileRef = 763DACE62C27EC5A0066665F /* DataManager.swift */; };
		763DACE92C27ED5E0066665F /* Database.swift in Sources */ = {isa = PBXBuildFile; fileRef = 763DACE82C27ED5E0066665F /* Database.swift */; };
		763DACEB2C27EF9E0066665F /* NoteDatabase.swift in Sources */ = {isa = PBXBuildFile; fileRef = 763DACEA2C27EF9E0066665F /* NoteDatabase.swift */; };
		7654A5A92C1EC28800E45D6C /* ContactsFeatureTests.swift in Sources */ = {isa = PBXBuildFile; fileRef = 7654A5A82C1EC28800E45D6C /* ContactsFeatureTests.swift */; };
/* End PBXBuildFile section */

/* Begin PBXContainerItemProxy section */
		760160F12C09F8D100008612 /* PBXContainerItemProxy */ = {
			isa = PBXContainerItemProxy;
			containerPortal = 760160D82C09F8CE00008612 /* Project object */;
			proxyType = 1;
			remoteGlobalIDString = 760160DF2C09F8CE00008612;
			remoteInfo = Notes;
		};
		760160FB2C09F8D100008612 /* PBXContainerItemProxy */ = {
			isa = PBXContainerItemProxy;
			containerPortal = 760160D82C09F8CE00008612 /* Project object */;
			proxyType = 1;
			remoteGlobalIDString = 760160DF2C09F8CE00008612;
			remoteInfo = Notes;
		};
/* End PBXContainerItemProxy section */

/* Begin PBXFileReference section */
		760160E02C09F8CE00008612 /* Notes.app */ = {isa = PBXFileReference; explicitFileType = wrapper.application; includeInIndex = 0; path = Notes.app; sourceTree = BUILT_PRODUCTS_DIR; };
		760160E32C09F8CE00008612 /* NotesApp.swift */ = {isa = PBXFileReference; lastKnownFileType = sourcecode.swift; path = NotesApp.swift; sourceTree = "<group>"; };
		760160E52C09F8CE00008612 /* ContentView.swift */ = {isa = PBXFileReference; lastKnownFileType = sourcecode.swift; path = ContentView.swift; sourceTree = "<group>"; };
		760160E72C09F8D000008612 /* Assets.xcassets */ = {isa = PBXFileReference; lastKnownFileType = folder.assetcatalog; path = Assets.xcassets; sourceTree = "<group>"; };
		760160EA2C09F8D000008612 /* Preview Assets.xcassets */ = {isa = PBXFileReference; lastKnownFileType = folder.assetcatalog; path = "Preview Assets.xcassets"; sourceTree = "<group>"; };
		760160F02C09F8D100008612 /* NotesTests.xctest */ = {isa = PBXFileReference; explicitFileType = wrapper.cfbundle; includeInIndex = 0; path = NotesTests.xctest; sourceTree = BUILT_PRODUCTS_DIR; };
		760160F42C09F8D100008612 /* NotesTests.swift */ = {isa = PBXFileReference; lastKnownFileType = sourcecode.swift; path = NotesTests.swift; sourceTree = "<group>"; };
		760160FA2C09F8D100008612 /* NotesUITests.xctest */ = {isa = PBXFileReference; explicitFileType = wrapper.cfbundle; includeInIndex = 0; path = NotesUITests.xctest; sourceTree = BUILT_PRODUCTS_DIR; };
		760160FE2C09F8D100008612 /* NotesUITests.swift */ = {isa = PBXFileReference; lastKnownFileType = sourcecode.swift; path = NotesUITests.swift; sourceTree = "<group>"; };
		760161002C09F8D100008612 /* NotesUITestsLaunchTests.swift */ = {isa = PBXFileReference; lastKnownFileType = sourcecode.swift; path = NotesUITestsLaunchTests.swift; sourceTree = "<group>"; };
		7601610D2C09FF9D00008612 /* CounterFeature.swift */ = {isa = PBXFileReference; lastKnownFileType = sourcecode.swift; path = CounterFeature.swift; sourceTree = "<group>"; };
		760161142C0A156200008612 /* Info.plist */ = {isa = PBXFileReference; lastKnownFileType = text.plist; path = Info.plist; sourceTree = "<group>"; };
		760161152C0F15CD00008612 /* CounterFeatureTests.swift */ = {isa = PBXFileReference; lastKnownFileType = sourcecode.swift; path = CounterFeatureTests.swift; sourceTree = "<group>"; };
		760161172C0F1C3600008612 /* NumberFactClient.swift */ = {isa = PBXFileReference; lastKnownFileType = sourcecode.swift; path = NumberFactClient.swift; sourceTree = "<group>"; };
		7601611A2C0F21AB00008612 /* AppFeature.swift */ = {isa = PBXFileReference; lastKnownFileType = sourcecode.swift; path = AppFeature.swift; sourceTree = "<group>"; };
		7601611D2C0F23C000008612 /* AppFeatureTests.swift */ = {isa = PBXFileReference; lastKnownFileType = sourcecode.swift; path = AppFeatureTests.swift; sourceTree = "<group>"; };
		7601611F2C14315E00008612 /* ContactsFeature.swift */ = {isa = PBXFileReference; lastKnownFileType = sourcecode.swift; path = ContactsFeature.swift; sourceTree = "<group>"; };
		760161222C14357F00008612 /* AddContactFeature.swift */ = {isa = PBXFileReference; lastKnownFileType = sourcecode.swift; path = AddContactFeature.swift; sourceTree = "<group>"; };
		763DACDF2C26EB440066665F /* NotesFeature.swift */ = {isa = PBXFileReference; lastKnownFileType = sourcecode.swift; path = NotesFeature.swift; sourceTree = "<group>"; };
		763DACE12C26F2380066665F /* AddNotesFeature.swift */ = {isa = PBXFileReference; lastKnownFileType = sourcecode.swift; path = AddNotesFeature.swift; sourceTree = "<group>"; };
		763DACE42C27027E0066665F /* Note.swift */ = {isa = PBXFileReference; lastKnownFileType = sourcecode.swift; path = Note.swift; sourceTree = "<group>"; };
		763DACE62C27EC5A0066665F /* DataManager.swift */ = {isa = PBXFileReference; lastKnownFileType = sourcecode.swift; path = DataManager.swift; sourceTree = "<group>"; };
		763DACE82C27ED5E0066665F /* Database.swift */ = {isa = PBXFileReference; lastKnownFileType = sourcecode.swift; path = Database.swift; sourceTree = "<group>"; };
		763DACEA2C27EF9E0066665F /* NoteDatabase.swift */ = {isa = PBXFileReference; lastKnownFileType = sourcecode.swift; path = NoteDatabase.swift; sourceTree = "<group>"; };
		7654A5A82C1EC28800E45D6C /* ContactsFeatureTests.swift */ = {isa = PBXFileReference; lastKnownFileType = sourcecode.swift; path = ContactsFeatureTests.swift; sourceTree = "<group>"; };
/* End PBXFileReference section */

/* Begin PBXFrameworksBuildPhase section */
		760160DD2C09F8CE00008612 /* Frameworks */ = {
			isa = PBXFrameworksBuildPhase;
			buildActionMask = 2147483647;
			files = (
				760161122C0A01B300008612 /* ComposableArchitecture in Frameworks */,
			);
			runOnlyForDeploymentPostprocessing = 0;
		};
		760160ED2C09F8D100008612 /* Frameworks */ = {
			isa = PBXFrameworksBuildPhase;
			buildActionMask = 2147483647;
			files = (
			);
			runOnlyForDeploymentPostprocessing = 0;
		};
		760160F72C09F8D100008612 /* Frameworks */ = {
			isa = PBXFrameworksBuildPhase;
			buildActionMask = 2147483647;
			files = (
			);
			runOnlyForDeploymentPostprocessing = 0;
		};
/* End PBXFrameworksBuildPhase section */

/* Begin PBXGroup section */
		760160D72C09F8CE00008612 = {
			isa = PBXGroup;
			children = (
				760161132C0A01C200008612 /* TCA */,
				760160E22C09F8CE00008612 /* Notes */,
				760160F32C09F8D100008612 /* NotesTests */,
				760160FD2C09F8D100008612 /* NotesUITests */,
				760160E12C09F8CE00008612 /* Products */,
				760161102C0A01B300008612 /* Frameworks */,
			);
			sourceTree = "<group>";
		};
		760160E12C09F8CE00008612 /* Products */ = {
			isa = PBXGroup;
			children = (
				760160E02C09F8CE00008612 /* Notes.app */,
				760160F02C09F8D100008612 /* NotesTests.xctest */,
				760160FA2C09F8D100008612 /* NotesUITests.xctest */,
			);
			name = Products;
			sourceTree = "<group>";
		};
		760160E22C09F8CE00008612 /* Notes */ = {
			isa = PBXGroup;
			children = (
				763DACE32C2702690066665F /* Persistence */,
				763DACDD2C26EB0C0066665F /* Features */,
				760161142C0A156200008612 /* Info.plist */,
				760160E32C09F8CE00008612 /* NotesApp.swift */,
				760160E52C09F8CE00008612 /* ContentView.swift */,
				760160E72C09F8D000008612 /* Assets.xcassets */,
				760160E92C09F8D000008612 /* Preview Content */,
			);
			path = Notes;
			sourceTree = "<group>";
		};
		760160E92C09F8D000008612 /* Preview Content */ = {
			isa = PBXGroup;
			children = (
				760160EA2C09F8D000008612 /* Preview Assets.xcassets */,
			);
			path = "Preview Content";
			sourceTree = "<group>";
		};
		760160F32C09F8D100008612 /* NotesTests */ = {
			isa = PBXGroup;
			children = (
				760160F42C09F8D100008612 /* NotesTests.swift */,
				760161152C0F15CD00008612 /* CounterFeatureTests.swift */,
				7601611D2C0F23C000008612 /* AppFeatureTests.swift */,
				7654A5A82C1EC28800E45D6C /* ContactsFeatureTests.swift */,
			);
			path = NotesTests;
			sourceTree = "<group>";
		};
		760160FD2C09F8D100008612 /* NotesUITests */ = {
			isa = PBXGroup;
			children = (
				760160FE2C09F8D100008612 /* NotesUITests.swift */,
				760161002C09F8D100008612 /* NotesUITestsLaunchTests.swift */,
			);
			path = NotesUITests;
			sourceTree = "<group>";
		};
		760161102C0A01B300008612 /* Frameworks */ = {
			isa = PBXGroup;
			children = (
			);
			name = Frameworks;
			sourceTree = "<group>";
		};
		760161132C0A01C200008612 /* TCA */ = {
			isa = PBXGroup;
			children = (
				7601610D2C09FF9D00008612 /* CounterFeature.swift */,
				760161172C0F1C3600008612 /* NumberFactClient.swift */,
				7601611A2C0F21AB00008612 /* AppFeature.swift */,
				7601611F2C14315E00008612 /* ContactsFeature.swift */,
				760161222C14357F00008612 /* AddContactFeature.swift */,
			);
			path = TCA;
			sourceTree = "<group>";
		};
		763DACDD2C26EB0C0066665F /* Features */ = {
			isa = PBXGroup;
			children = (
				763DACDF2C26EB440066665F /* NotesFeature.swift */,
				763DACE12C26F2380066665F /* AddNotesFeature.swift */,
			);
			path = Features;
			sourceTree = "<group>";
		};
		763DACE32C2702690066665F /* Persistence */ = {
			isa = PBXGroup;
			children = (
				763DACE42C27027E0066665F /* Note.swift */,
				763DACE62C27EC5A0066665F /* DataManager.swift */,
				763DACE82C27ED5E0066665F /* Database.swift */,
				763DACEA2C27EF9E0066665F /* NoteDatabase.swift */,
			);
			path = Persistence;
			sourceTree = "<group>";
		};
/* End PBXGroup section */

/* Begin PBXNativeTarget section */
		760160DF2C09F8CE00008612 /* Notes */ = {
			isa = PBXNativeTarget;
			buildConfigurationList = 760161042C09F8D100008612 /* Build configuration list for PBXNativeTarget "Notes" */;
			buildPhases = (
				760160DC2C09F8CE00008612 /* Sources */,
				760160DD2C09F8CE00008612 /* Frameworks */,
				760160DE2C09F8CE00008612 /* Resources */,
			);
			buildRules = (
			);
			dependencies = (
			);
			name = Notes;
			packageProductDependencies = (
				760161112C0A01B300008612 /* ComposableArchitecture */,
			);
			productName = Notes;
			productReference = 760160E02C09F8CE00008612 /* Notes.app */;
			productType = "com.apple.product-type.application";
		};
		760160EF2C09F8D100008612 /* NotesTests */ = {
			isa = PBXNativeTarget;
			buildConfigurationList = 760161072C09F8D100008612 /* Build configuration list for PBXNativeTarget "NotesTests" */;
			buildPhases = (
				760160EC2C09F8D100008612 /* Sources */,
				760160ED2C09F8D100008612 /* Frameworks */,
				760160EE2C09F8D100008612 /* Resources */,
			);
			buildRules = (
			);
			dependencies = (
				760160F22C09F8D100008612 /* PBXTargetDependency */,
			);
			name = NotesTests;
			productName = NotesTests;
			productReference = 760160F02C09F8D100008612 /* NotesTests.xctest */;
			productType = "com.apple.product-type.bundle.unit-test";
		};
		760160F92C09F8D100008612 /* NotesUITests */ = {
			isa = PBXNativeTarget;
			buildConfigurationList = 7601610A2C09F8D100008612 /* Build configuration list for PBXNativeTarget "NotesUITests" */;
			buildPhases = (
				760160F62C09F8D100008612 /* Sources */,
				760160F72C09F8D100008612 /* Frameworks */,
				760160F82C09F8D100008612 /* Resources */,
			);
			buildRules = (
			);
			dependencies = (
				760160FC2C09F8D100008612 /* PBXTargetDependency */,
			);
			name = NotesUITests;
			productName = NotesUITests;
			productReference = 760160FA2C09F8D100008612 /* NotesUITests.xctest */;
			productType = "com.apple.product-type.bundle.ui-testing";
		};
/* End PBXNativeTarget section */

/* Begin PBXProject section */
		760160D82C09F8CE00008612 /* Project object */ = {
			isa = PBXProject;
			attributes = {
				BuildIndependentTargetsInParallel = 1;
				LastSwiftUpdateCheck = 1540;
				LastUpgradeCheck = 1540;
				TargetAttributes = {
					760160DF2C09F8CE00008612 = {
						CreatedOnToolsVersion = 15.4;
					};
					760160EF2C09F8D100008612 = {
						CreatedOnToolsVersion = 15.4;
						TestTargetID = 760160DF2C09F8CE00008612;
					};
					760160F92C09F8D100008612 = {
						CreatedOnToolsVersion = 15.4;
						TestTargetID = 760160DF2C09F8CE00008612;
					};
				};
			};
			buildConfigurationList = 760160DB2C09F8CE00008612 /* Build configuration list for PBXProject "Notes" */;
			compatibilityVersion = "Xcode 14.0";
			developmentRegion = en;
			hasScannedForEncodings = 0;
			knownRegions = (
				en,
				Base,
			);
			mainGroup = 760160D72C09F8CE00008612;
			packageReferences = (
				7601610F2C0A000900008612 /* XCRemoteSwiftPackageReference "swift-composable-architecture" */,
			);
			productRefGroup = 760160E12C09F8CE00008612 /* Products */;
			projectDirPath = "";
			projectRoot = "";
			targets = (
				760160DF2C09F8CE00008612 /* Notes */,
				760160EF2C09F8D100008612 /* NotesTests */,
				760160F92C09F8D100008612 /* NotesUITests */,
			);
		};
/* End PBXProject section */

/* Begin PBXResourcesBuildPhase section */
		760160DE2C09F8CE00008612 /* Resources */ = {
			isa = PBXResourcesBuildPhase;
			buildActionMask = 2147483647;
			files = (
				760160EB2C09F8D000008612 /* Preview Assets.xcassets in Resources */,
				760160E82C09F8D000008612 /* Assets.xcassets in Resources */,
			);
			runOnlyForDeploymentPostprocessing = 0;
		};
		760160EE2C09F8D100008612 /* Resources */ = {
			isa = PBXResourcesBuildPhase;
			buildActionMask = 2147483647;
			files = (
			);
			runOnlyForDeploymentPostprocessing = 0;
		};
		760160F82C09F8D100008612 /* Resources */ = {
			isa = PBXResourcesBuildPhase;
			buildActionMask = 2147483647;
			files = (
			);
			runOnlyForDeploymentPostprocessing = 0;
		};
/* End PBXResourcesBuildPhase section */

/* Begin PBXSourcesBuildPhase section */
		760160DC2C09F8CE00008612 /* Sources */ = {
			isa = PBXSourcesBuildPhase;
			buildActionMask = 2147483647;
			files = (
				7601610E2C09FF9D00008612 /* CounterFeature.swift in Sources */,
				7601611C2C0F22C600008612 /* AppFeature.swift in Sources */,
				763DACE72C27EC5A0066665F /* DataManager.swift in Sources */,
				763DACE22C26F2380066665F /* AddNotesFeature.swift in Sources */,
				763DACE02C26EB440066665F /* NotesFeature.swift in Sources */,
				760160E62C09F8CE00008612 /* ContentView.swift in Sources */,
				763DACE92C27ED5E0066665F /* Database.swift in Sources */,
				763DACEB2C27EF9E0066665F /* NoteDatabase.swift in Sources */,
				763DACE52C27027E0066665F /* Note.swift in Sources */,
				760160E42C09F8CE00008612 /* NotesApp.swift in Sources */,
				760161242C1435D700008612 /* AddContactFeature.swift in Sources */,
				760161192C0F1C3C00008612 /* NumberFactClient.swift in Sources */,
				760161212C14316200008612 /* ContactsFeature.swift in Sources */,
			);
			runOnlyForDeploymentPostprocessing = 0;
		};
		760160EC2C09F8D100008612 /* Sources */ = {
			isa = PBXSourcesBuildPhase;
			buildActionMask = 2147483647;
			files = (
				760160F52C09F8D100008612 /* NotesTests.swift in Sources */,
				760161162C0F15CD00008612 /* CounterFeatureTests.swift in Sources */,
				7601611E2C0F23C000008612 /* AppFeatureTests.swift in Sources */,
				7654A5A92C1EC28800E45D6C /* ContactsFeatureTests.swift in Sources */,
			);
			runOnlyForDeploymentPostprocessing = 0;
		};
		760160F62C09F8D100008612 /* Sources */ = {
			isa = PBXSourcesBuildPhase;
			buildActionMask = 2147483647;
			files = (
				760161012C09F8D100008612 /* NotesUITestsLaunchTests.swift in Sources */,
				760160FF2C09F8D100008612 /* NotesUITests.swift in Sources */,
			);
			runOnlyForDeploymentPostprocessing = 0;
		};
/* End PBXSourcesBuildPhase section */

/* Begin PBXTargetDependency section */
		760160F22C09F8D100008612 /* PBXTargetDependency */ = {
			isa = PBXTargetDependency;
			target = 760160DF2C09F8CE00008612 /* Notes */;
			targetProxy = 760160F12C09F8D100008612 /* PBXContainerItemProxy */;
		};
		760160FC2C09F8D100008612 /* PBXTargetDependency */ = {
			isa = PBXTargetDependency;
			target = 760160DF2C09F8CE00008612 /* Notes */;
			targetProxy = 760160FB2C09F8D100008612 /* PBXContainerItemProxy */;
		};
/* End PBXTargetDependency section */

/* Begin XCBuildConfiguration section */
		760161022C09F8D100008612 /* Debug */ = {
			isa = XCBuildConfiguration;
			buildSettings = {
				ALWAYS_SEARCH_USER_PATHS = NO;
				ASSETCATALOG_COMPILER_GENERATE_SWIFT_ASSET_SYMBOL_EXTENSIONS = YES;
				CLANG_ANALYZER_NONNULL = YES;
				CLANG_ANALYZER_NUMBER_OBJECT_CONVERSION = YES_AGGRESSIVE;
				CLANG_CXX_LANGUAGE_STANDARD = "gnu++20";
				CLANG_ENABLE_MODULES = YES;
				CLANG_ENABLE_OBJC_ARC = YES;
				CLANG_ENABLE_OBJC_WEAK = YES;
				CLANG_WARN_BLOCK_CAPTURE_AUTORELEASING = YES;
				CLANG_WARN_BOOL_CONVERSION = YES;
				CLANG_WARN_COMMA = YES;
				CLANG_WARN_CONSTANT_CONVERSION = YES;
				CLANG_WARN_DEPRECATED_OBJC_IMPLEMENTATIONS = YES;
				CLANG_WARN_DIRECT_OBJC_ISA_USAGE = YES_ERROR;
				CLANG_WARN_DOCUMENTATION_COMMENTS = YES;
				CLANG_WARN_EMPTY_BODY = YES;
				CLANG_WARN_ENUM_CONVERSION = YES;
				CLANG_WARN_INFINITE_RECURSION = YES;
				CLANG_WARN_INT_CONVERSION = YES;
				CLANG_WARN_NON_LITERAL_NULL_CONVERSION = YES;
				CLANG_WARN_OBJC_IMPLICIT_RETAIN_SELF = YES;
				CLANG_WARN_OBJC_LITERAL_CONVERSION = YES;
				CLANG_WARN_OBJC_ROOT_CLASS = YES_ERROR;
				CLANG_WARN_QUOTED_INCLUDE_IN_FRAMEWORK_HEADER = YES;
				CLANG_WARN_RANGE_LOOP_ANALYSIS = YES;
				CLANG_WARN_STRICT_PROTOTYPES = YES;
				CLANG_WARN_SUSPICIOUS_MOVE = YES;
				CLANG_WARN_UNGUARDED_AVAILABILITY = YES_AGGRESSIVE;
				CLANG_WARN_UNREACHABLE_CODE = YES;
				CLANG_WARN__DUPLICATE_METHOD_MATCH = YES;
				COPY_PHASE_STRIP = NO;
				DEBUG_INFORMATION_FORMAT = dwarf;
				ENABLE_STRICT_OBJC_MSGSEND = YES;
				ENABLE_TESTABILITY = YES;
				ENABLE_USER_SCRIPT_SANDBOXING = YES;
				GCC_C_LANGUAGE_STANDARD = gnu17;
				GCC_DYNAMIC_NO_PIC = NO;
				GCC_NO_COMMON_BLOCKS = YES;
				GCC_OPTIMIZATION_LEVEL = 0;
				GCC_PREPROCESSOR_DEFINITIONS = (
					"DEBUG=1",
					"$(inherited)",
				);
				GCC_WARN_64_TO_32_BIT_CONVERSION = YES;
				GCC_WARN_ABOUT_RETURN_TYPE = YES_ERROR;
				GCC_WARN_UNDECLARED_SELECTOR = YES;
				GCC_WARN_UNINITIALIZED_AUTOS = YES_AGGRESSIVE;
				GCC_WARN_UNUSED_FUNCTION = YES;
				GCC_WARN_UNUSED_VARIABLE = YES;
				IPHONEOS_DEPLOYMENT_TARGET = 17.0;
				LOCALIZATION_PREFERS_STRING_CATALOGS = YES;
				MTL_ENABLE_DEBUG_INFO = INCLUDE_SOURCE;
				MTL_FAST_MATH = YES;
				ONLY_ACTIVE_ARCH = YES;
				SDKROOT = iphoneos;
				SWIFT_ACTIVE_COMPILATION_CONDITIONS = "DEBUG $(inherited)";
				SWIFT_OPTIMIZATION_LEVEL = "-Onone";
			};
			name = Debug;
		};
		760161032C09F8D100008612 /* Release */ = {
			isa = XCBuildConfiguration;
			buildSettings = {
				ALWAYS_SEARCH_USER_PATHS = NO;
				ASSETCATALOG_COMPILER_GENERATE_SWIFT_ASSET_SYMBOL_EXTENSIONS = YES;
				CLANG_ANALYZER_NONNULL = YES;
				CLANG_ANALYZER_NUMBER_OBJECT_CONVERSION = YES_AGGRESSIVE;
				CLANG_CXX_LANGUAGE_STANDARD = "gnu++20";
				CLANG_ENABLE_MODULES = YES;
				CLANG_ENABLE_OBJC_ARC = YES;
				CLANG_ENABLE_OBJC_WEAK = YES;
				CLANG_WARN_BLOCK_CAPTURE_AUTORELEASING = YES;
				CLANG_WARN_BOOL_CONVERSION = YES;
				CLANG_WARN_COMMA = YES;
				CLANG_WARN_CONSTANT_CONVERSION = YES;
				CLANG_WARN_DEPRECATED_OBJC_IMPLEMENTATIONS = YES;
				CLANG_WARN_DIRECT_OBJC_ISA_USAGE = YES_ERROR;
				CLANG_WARN_DOCUMENTATION_COMMENTS = YES;
				CLANG_WARN_EMPTY_BODY = YES;
				CLANG_WARN_ENUM_CONVERSION = YES;
				CLANG_WARN_INFINITE_RECURSION = YES;
				CLANG_WARN_INT_CONVERSION = YES;
				CLANG_WARN_NON_LITERAL_NULL_CONVERSION = YES;
				CLANG_WARN_OBJC_IMPLICIT_RETAIN_SELF = YES;
				CLANG_WARN_OBJC_LITERAL_CONVERSION = YES;
				CLANG_WARN_OBJC_ROOT_CLASS = YES_ERROR;
				CLANG_WARN_QUOTED_INCLUDE_IN_FRAMEWORK_HEADER = YES;
				CLANG_WARN_RANGE_LOOP_ANALYSIS = YES;
				CLANG_WARN_STRICT_PROTOTYPES = YES;
				CLANG_WARN_SUSPICIOUS_MOVE = YES;
				CLANG_WARN_UNGUARDED_AVAILABILITY = YES_AGGRESSIVE;
				CLANG_WARN_UNREACHABLE_CODE = YES;
				CLANG_WARN__DUPLICATE_METHOD_MATCH = YES;
				COPY_PHASE_STRIP = NO;
				DEBUG_INFORMATION_FORMAT = "dwarf-with-dsym";
				ENABLE_NS_ASSERTIONS = NO;
				ENABLE_STRICT_OBJC_MSGSEND = YES;
				ENABLE_USER_SCRIPT_SANDBOXING = YES;
				GCC_C_LANGUAGE_STANDARD = gnu17;
				GCC_NO_COMMON_BLOCKS = YES;
				GCC_WARN_64_TO_32_BIT_CONVERSION = YES;
				GCC_WARN_ABOUT_RETURN_TYPE = YES_ERROR;
				GCC_WARN_UNDECLARED_SELECTOR = YES;
				GCC_WARN_UNINITIALIZED_AUTOS = YES_AGGRESSIVE;
				GCC_WARN_UNUSED_FUNCTION = YES;
				GCC_WARN_UNUSED_VARIABLE = YES;
				IPHONEOS_DEPLOYMENT_TARGET = 17.0;
				LOCALIZATION_PREFERS_STRING_CATALOGS = YES;
				MTL_ENABLE_DEBUG_INFO = NO;
				MTL_FAST_MATH = YES;
				SDKROOT = iphoneos;
				SWIFT_COMPILATION_MODE = wholemodule;
				VALIDATE_PRODUCT = YES;
			};
			name = Release;
		};
		760161052C09F8D100008612 /* Debug */ = {
			isa = XCBuildConfiguration;
			buildSettings = {
				ASSETCATALOG_COMPILER_APPICON_NAME = AppIcon;
				ASSETCATALOG_COMPILER_GLOBAL_ACCENT_COLOR_NAME = AccentColor;
				CODE_SIGN_STYLE = Automatic;
				CURRENT_PROJECT_VERSION = 1;
				DEVELOPMENT_ASSET_PATHS = "\"Notes/Preview Content\"";
				DEVELOPMENT_TEAM = P2H6L4K6SX;
				ENABLE_PREVIEWS = YES;
				GENERATE_INFOPLIST_FILE = YES;
				INFOPLIST_FILE = Notes/Info.plist;
				INFOPLIST_KEY_UIApplicationSceneManifest_Generation = YES;
				INFOPLIST_KEY_UIApplicationSupportsIndirectInputEvents = YES;
				INFOPLIST_KEY_UILaunchScreen_Generation = YES;
				INFOPLIST_KEY_UISupportedInterfaceOrientations_iPad = "UIInterfaceOrientationPortrait UIInterfaceOrientationPortraitUpsideDown UIInterfaceOrientationLandscapeLeft UIInterfaceOrientationLandscapeRight";
				INFOPLIST_KEY_UISupportedInterfaceOrientations_iPhone = "UIInterfaceOrientationPortrait UIInterfaceOrientationLandscapeLeft UIInterfaceOrientationLandscapeRight";
				LD_RUNPATH_SEARCH_PATHS = (
					"$(inherited)",
					"@executable_path/Frameworks",
				);
				MARKETING_VERSION = 1.0;
				PRODUCT_BUNDLE_IDENTIFIER = com.michaelslattery.Notes;
				PRODUCT_NAME = "$(TARGET_NAME)";
				SWIFT_EMIT_LOC_STRINGS = YES;
				SWIFT_VERSION = 5.0;
				TARGETED_DEVICE_FAMILY = "1,2";
			};
			name = Debug;
		};
		760161062C09F8D100008612 /* Release */ = {
			isa = XCBuildConfiguration;
			buildSettings = {
				ASSETCATALOG_COMPILER_APPICON_NAME = AppIcon;
				ASSETCATALOG_COMPILER_GLOBAL_ACCENT_COLOR_NAME = AccentColor;
				CODE_SIGN_STYLE = Automatic;
				CURRENT_PROJECT_VERSION = 1;
				DEVELOPMENT_ASSET_PATHS = "\"Notes/Preview Content\"";
				DEVELOPMENT_TEAM = P2H6L4K6SX;
				ENABLE_PREVIEWS = YES;
				GENERATE_INFOPLIST_FILE = YES;
				INFOPLIST_FILE = Notes/Info.plist;
				INFOPLIST_KEY_UIApplicationSceneManifest_Generation = YES;
				INFOPLIST_KEY_UIApplicationSupportsIndirectInputEvents = YES;
				INFOPLIST_KEY_UILaunchScreen_Generation = YES;
				INFOPLIST_KEY_UISupportedInterfaceOrientations_iPad = "UIInterfaceOrientationPortrait UIInterfaceOrientationPortraitUpsideDown UIInterfaceOrientationLandscapeLeft UIInterfaceOrientationLandscapeRight";
				INFOPLIST_KEY_UISupportedInterfaceOrientations_iPhone = "UIInterfaceOrientationPortrait UIInterfaceOrientationLandscapeLeft UIInterfaceOrientationLandscapeRight";
				LD_RUNPATH_SEARCH_PATHS = (
					"$(inherited)",
					"@executable_path/Frameworks",
				);
				MARKETING_VERSION = 1.0;
				PRODUCT_BUNDLE_IDENTIFIER = com.michaelslattery.Notes;
				PRODUCT_NAME = "$(TARGET_NAME)";
				SWIFT_EMIT_LOC_STRINGS = YES;
				SWIFT_VERSION = 5.0;
				TARGETED_DEVICE_FAMILY = "1,2";
			};
			name = Release;
		};
		760161082C09F8D100008612 /* Debug */ = {
			isa = XCBuildConfiguration;
			buildSettings = {
				ALWAYS_EMBED_SWIFT_STANDARD_LIBRARIES = YES;
				BUNDLE_LOADER = "$(TEST_HOST)";
				CODE_SIGN_STYLE = Automatic;
				CURRENT_PROJECT_VERSION = 1;
				DEVELOPMENT_TEAM = P2H6L4K6SX;
				GENERATE_INFOPLIST_FILE = YES;
				IPHONEOS_DEPLOYMENT_TARGET = 17.5;
				MARKETING_VERSION = 1.0;
				PRODUCT_BUNDLE_IDENTIFIER = com.michaelslattery.NotesTests;
				PRODUCT_NAME = "$(TARGET_NAME)";
				SWIFT_EMIT_LOC_STRINGS = NO;
				SWIFT_VERSION = 5.0;
				TARGETED_DEVICE_FAMILY = "1,2";
				TEST_HOST = "$(BUILT_PRODUCTS_DIR)/Notes.app/$(BUNDLE_EXECUTABLE_FOLDER_PATH)/Notes";
			};
			name = Debug;
		};
		760161092C09F8D100008612 /* Release */ = {
			isa = XCBuildConfiguration;
			buildSettings = {
				ALWAYS_EMBED_SWIFT_STANDARD_LIBRARIES = YES;
				BUNDLE_LOADER = "$(TEST_HOST)";
				CODE_SIGN_STYLE = Automatic;
				CURRENT_PROJECT_VERSION = 1;
				DEVELOPMENT_TEAM = P2H6L4K6SX;
				GENERATE_INFOPLIST_FILE = YES;
				IPHONEOS_DEPLOYMENT_TARGET = 17.5;
				MARKETING_VERSION = 1.0;
				PRODUCT_BUNDLE_IDENTIFIER = com.michaelslattery.NotesTests;
				PRODUCT_NAME = "$(TARGET_NAME)";
				SWIFT_EMIT_LOC_STRINGS = NO;
				SWIFT_VERSION = 5.0;
				TARGETED_DEVICE_FAMILY = "1,2";
				TEST_HOST = "$(BUILT_PRODUCTS_DIR)/Notes.app/$(BUNDLE_EXECUTABLE_FOLDER_PATH)/Notes";
			};
			name = Release;
		};
		7601610B2C09F8D100008612 /* Debug */ = {
			isa = XCBuildConfiguration;
			buildSettings = {
				ALWAYS_EMBED_SWIFT_STANDARD_LIBRARIES = YES;
				CODE_SIGN_STYLE = Automatic;
				CURRENT_PROJECT_VERSION = 1;
				DEVELOPMENT_TEAM = P2H6L4K6SX;
				GENERATE_INFOPLIST_FILE = YES;
				MARKETING_VERSION = 1.0;
				PRODUCT_BUNDLE_IDENTIFIER = com.michaelslattery.NotesUITests;
				PRODUCT_NAME = "$(TARGET_NAME)";
				SWIFT_EMIT_LOC_STRINGS = NO;
				SWIFT_VERSION = 5.0;
				TARGETED_DEVICE_FAMILY = "1,2";
				TEST_TARGET_NAME = Notes;
			};
			name = Debug;
		};
		7601610C2C09F8D100008612 /* Release */ = {
			isa = XCBuildConfiguration;
			buildSettings = {
				ALWAYS_EMBED_SWIFT_STANDARD_LIBRARIES = YES;
				CODE_SIGN_STYLE = Automatic;
				CURRENT_PROJECT_VERSION = 1;
				DEVELOPMENT_TEAM = P2H6L4K6SX;
				GENERATE_INFOPLIST_FILE = YES;
				MARKETING_VERSION = 1.0;
				PRODUCT_BUNDLE_IDENTIFIER = com.michaelslattery.NotesUITests;
				PRODUCT_NAME = "$(TARGET_NAME)";
				SWIFT_EMIT_LOC_STRINGS = NO;
				SWIFT_VERSION = 5.0;
				TARGETED_DEVICE_FAMILY = "1,2";
				TEST_TARGET_NAME = Notes;
			};
			name = Release;
		};
/* End XCBuildConfiguration section */

/* Begin XCConfigurationList section */
		760160DB2C09F8CE00008612 /* Build configuration list for PBXProject "Notes" */ = {
			isa = XCConfigurationList;
			buildConfigurations = (
				760161022C09F8D100008612 /* Debug */,
				760161032C09F8D100008612 /* Release */,
			);
			defaultConfigurationIsVisible = 0;
			defaultConfigurationName = Release;
		};
		760161042C09F8D100008612 /* Build configuration list for PBXNativeTarget "Notes" */ = {
			isa = XCConfigurationList;
			buildConfigurations = (
				760161052C09F8D100008612 /* Debug */,
				760161062C09F8D100008612 /* Release */,
			);
			defaultConfigurationIsVisible = 0;
			defaultConfigurationName = Release;
		};
		760161072C09F8D100008612 /* Build configuration list for PBXNativeTarget "NotesTests" */ = {
			isa = XCConfigurationList;
			buildConfigurations = (
				760161082C09F8D100008612 /* Debug */,
				760161092C09F8D100008612 /* Release */,
			);
			defaultConfigurationIsVisible = 0;
			defaultConfigurationName = Release;
		};
		7601610A2C09F8D100008612 /* Build configuration list for PBXNativeTarget "NotesUITests" */ = {
			isa = XCConfigurationList;
			buildConfigurations = (
				7601610B2C09F8D100008612 /* Debug */,
				7601610C2C09F8D100008612 /* Release */,
			);
			defaultConfigurationIsVisible = 0;
			defaultConfigurationName = Release;
		};
/* End XCConfigurationList section */

/* Begin XCRemoteSwiftPackageReference section */
		7601610F2C0A000900008612 /* XCRemoteSwiftPackageReference "swift-composable-architecture" */ = {
			isa = XCRemoteSwiftPackageReference;
			repositoryURL = "https://github.com/pointfreeco/swift-composable-architecture";
			requirement = {
				kind = upToNextMajorVersion;
				minimumVersion = 1.10.4;
			};
		};
/* End XCRemoteSwiftPackageReference section */

/* Begin XCSwiftPackageProductDependency section */
		760161112C0A01B300008612 /* ComposableArchitecture */ = {
			isa = XCSwiftPackageProductDependency;
			package = 7601610F2C0A000900008612 /* XCRemoteSwiftPackageReference "swift-composable-architecture" */;
			productName = ComposableArchitecture;
		};
/* End XCSwiftPackageProductDependency section */
	};
	rootObject = 760160D82C09F8CE00008612 /* Project object */;
}
